
Microsoft Visual Studio Solution File, Format Version 12.00
# Visual Studio Version 17
VisualStudioVersion = 17.0.31903.59
MinimumVisualStudioVersion = 10.0.40219.1
Project("{FAE04EC0-301F-11D3-BF4B-00C04F79EFBC}") = "API", "API\API.csproj", "{EADF3CF6-9E43-4A7A-A96F-8265340C9DA5}"
EndProject
Project("{FAE04EC0-301F-11D3-BF4B-00C04F79EFBC}") = "Application", "Application\Application.csproj", "{F3B1B70A-4B31-41B8-9020-A044019ADD17}"
EndProject
Project("{FAE04EC0-301F-11D3-BF4B-00C04F79EFBC}") = "Domain", "Domain\Domain.csproj", "{031F91A7-95F6-41A3-8B92-2DA87256EA0D}"
EndProject
Project("{FAE04EC0-301F-11D3-BF4B-00C04F79EFBC}") = "Persistence", "Persistence\Persistence.csproj", "{F6AF0A80-EDD6-4714-91DB-E0E616564F72}"
EndProject
Global
	GlobalSection(SolutionConfigurationPlatforms) = preSolution
		Debug|Any CPU = Debug|Any CPU
		Release|Any CPU = Release|Any CPU
	EndGlobalSection
	GlobalSection(SolutionProperties) = preSolution
		HideSolutionNode = FALSE
	EndGlobalSection
	GlobalSection(ProjectConfigurationPlatforms) = postSolution
		{EADF3CF6-9E43-4A7A-A96F-8265340C9DA5}.Debug|Any CPU.ActiveCfg = Debug|Any CPU
		{EADF3CF6-9E43-4A7A-A96F-8265340C9DA5}.Debug|Any CPU.Build.0 = Debug|Any CPU
		{EADF3CF6-9E43-4A7A-A96F-8265340C9DA5}.Release|Any CPU.ActiveCfg = Release|Any CPU
		{EADF3CF6-9E43-4A7A-A96F-8265340C9DA5}.Release|Any CPU.Build.0 = Release|Any CPU
		{F3B1B70A-4B31-41B8-9020-A044019ADD17}.Debug|Any CPU.ActiveCfg = Debug|Any CPU
		{F3B1B70A-4B31-41B8-9020-A044019ADD17}.Debug|Any CPU.Build.0 = Debug|Any CPU
		{F3B1B70A-4B31-41B8-9020-A044019ADD17}.Release|Any CPU.ActiveCfg = Release|Any CPU
		{F3B1B70A-4B31-41B8-9020-A044019ADD17}.Release|Any CPU.Build.0 = Release|Any CPU
		{031F91A7-95F6-41A3-8B92-2DA87256EA0D}.Debug|Any CPU.ActiveCfg = Debug|Any CPU
		{031F91A7-95F6-41A3-8B92-2DA87256EA0D}.Debug|Any CPU.Build.0 = Debug|Any CPU
		{031F91A7-95F6-41A3-8B92-2DA87256EA0D}.Release|Any CPU.ActiveCfg = Release|Any CPU
		{031F91A7-95F6-41A3-8B92-2DA87256EA0D}.Release|Any CPU.Build.0 = Release|Any CPU
		{F6AF0A80-EDD6-4714-91DB-E0E616564F72}.Debug|Any CPU.ActiveCfg = Debug|Any CPU
		{F6AF0A80-EDD6-4714-91DB-E0E616564F72}.Debug|Any CPU.Build.0 = Debug|Any CPU
		{F6AF0A80-EDD6-4714-91DB-E0E616564F72}.Release|Any CPU.ActiveCfg = Release|Any CPU
		{F6AF0A80-EDD6-4714-91DB-E0E616564F72}.Release|Any CPU.Build.0 = Release|Any CPU
	EndGlobalSection
EndGlobal
